
Microsoft Visual Studio Solution File, Format Version 12.00
# Visual Studio 15
VisualStudioVersion = 15.0.28307.572
MinimumVisualStudioVersion = 10.0.40219.1
Project("{888888A0-9F3D-457C-B088-3A5042F75D52}") = "Task 2B - Binary tree", "Task 2B - Binary tree\Task 2B - Binary tree.pyproj", "{F4636B81-389F-4AE2-90D2-6B31E31DAADC}"
EndProject
Global
	GlobalSection(SolutionConfigurationPlatforms) = preSolution
		Debug|Any CPU = Debug|Any CPU
		Release|Any CPU = Release|Any CPU
	EndGlobalSection
	GlobalSection(ProjectConfigurationPlatforms) = postSolution
		{F4636B81-389F-4AE2-90D2-6B31E31DAADC}.Debug|Any CPU.ActiveCfg = Debug|Any CPU
		{F4636B81-389F-4AE2-90D2-6B31E31DAADC}.Release|Any CPU.ActiveCfg = Release|Any CPU
	EndGlobalSection
	GlobalSection(SolutionProperties) = preSolution
		HideSolutionNode = FALSE
	EndGlobalSection
	GlobalSection(ExtensibilityGlobals) = postSolution
		SolutionGuid = {4D4AC620-F6C6-46EF-95AA-B6C6D5D89399}
	EndGlobalSection
EndGlobal
